
Microsoft Visual Studio Solution File, Format Version 12.00
# Visual Studio 2013
VisualStudioVersion = 12.0.21005.1
MinimumVisualStudioVersion = 10.0.40219.1
Project("{FAE04EC0-301F-11D3-BF4B-00C04F79EFBC}") = "eWarsztaty.Domain", "eWarsztaty.Domain\eWarsztaty.Domain.csproj", "{84FB0477-177B-4F14-84B2-1169986F869F}"
EndProject
Project("{FAE04EC0-301F-11D3-BF4B-00C04F79EFBC}") = "eWarsztaty.Web", "eWarsztaty.Web\eWarsztaty.Web.csproj", "{6525ECAC-B77E-4640-A33D-E1D0E71B4F54}"
EndProject
Project("{FAE04EC0-301F-11D3-BF4B-00C04F79EFBC}") = "eWarsztaty.Client", "eWarsztaty.Client\eWarsztaty.Client.csproj", "{6A7AC11A-B099-40B4-9434-0858EC691CA9}"
EndProject
Global
	GlobalSection(SolutionConfigurationPlatforms) = preSolution
		Debug|Any CPU = Debug|Any CPU
		Release|Any CPU = Release|Any CPU
	EndGlobalSection
	GlobalSection(ProjectConfigurationPlatforms) = postSolution
		{84FB0477-177B-4F14-84B2-1169986F869F}.Debug|Any CPU.ActiveCfg = Debug|Any CPU
		{84FB0477-177B-4F14-84B2-1169986F869F}.Debug|Any CPU.Build.0 = Debug|Any CPU
		{84FB0477-177B-4F14-84B2-1169986F869F}.Release|Any CPU.ActiveCfg = Release|Any CPU
		{84FB0477-177B-4F14-84B2-1169986F869F}.Release|Any CPU.Build.0 = Release|Any CPU
		{6525ECAC-B77E-4640-A33D-E1D0E71B4F54}.Debug|Any CPU.ActiveCfg = Debug|Any CPU
		{6525ECAC-B77E-4640-A33D-E1D0E71B4F54}.Debug|Any CPU.Build.0 = Debug|Any CPU
		{6525ECAC-B77E-4640-A33D-E1D0E71B4F54}.Release|Any CPU.ActiveCfg = Release|Any CPU
		{6525ECAC-B77E-4640-A33D-E1D0E71B4F54}.Release|Any CPU.Build.0 = Release|Any CPU
		{6A7AC11A-B099-40B4-9434-0858EC691CA9}.Debug|Any CPU.ActiveCfg = Debug|Any CPU
		{6A7AC11A-B099-40B4-9434-0858EC691CA9}.Debug|Any CPU.Build.0 = Debug|Any CPU
		{6A7AC11A-B099-40B4-9434-0858EC691CA9}.Release|Any CPU.ActiveCfg = Release|Any CPU
		{6A7AC11A-B099-40B4-9434-0858EC691CA9}.Release|Any CPU.Build.0 = Release|Any CPU
	EndGlobalSection
	GlobalSection(SolutionProperties) = preSolution
		HideSolutionNode = FALSE
	EndGlobalSection
EndGlobal
